[[package]]
name = "graia-broadcast"
version = "0.5.3"
description = "a highly customizable, elegantly designed event system based on asyncio"
category = "main"
optional = false
python-versions = ">=3.6,<4.0"

[package.dependencies]
iterwrapper = ">=0.1.2,<0.2.0"
pydantic = ">=1.5.1,<1.7.1"

[[package]]
name = "iterwrapper"
version = "0.1.4"
description = "A wrapper for FP style iterator manipulation"
category = "main"
optional = false
python-versions = ">=3.6"

[[package]]
name = "pydantic"
version = "1.7"
description = "Data validation and settings management using python 3.6 type hinting"
category = "main"
optional = false
python-versions = ">=3.6"

[package.extras]
dotenv = ["python-dotenv (>=0.10.4)"]
email = ["email-validator (>=1.0.3)"]
typing_extensions = ["typing-extensions (>=3.7.2)"]

[metadata]
lock-version = "1.1"
python-versions = "^3.7"
content-hash = "623cf7501654535564fdca472176bfc576619c22ce4ac506d41e9d05f60d4e6f"

[metadata.files]
graia-broadcast = [
    {file = "graia-broadcast-0.5.3.tar.gz", hash = "sha256:1a7bfb45b41c22156bc2733f115012fa195fadb72d78dcee36ee7b9cf96dfb1f"},
    {file = "graia_broadcast-0.5.3-py3-none-any.whl", hash = "sha256:77e7a2cec8511edced6d1e14686d9cf9811cef44becc84c4a006e7c03e4cf1ad"},
]
iterwrapper = [
    {file = "iterwrapper-0.1.4-py3-none-any.whl", hash = "sha256:a3296d81fa2e558734f572617487fb6be3e2af12af2776899dd29d2154ffdba5"},
    {file = "iterwrapper-0.1.4.tar.gz", hash = "sha256:f2dd1e5a55935a0ce151912524de1781d2aa9cb1fda3e2424fb403ff857f63d9"},
]
pydantic = [
    {file = "pydantic-1.7-cp36-cp36m-macosx_10_9_x86_64.whl", hash = "sha256:fde17f99d1610c9b5129f5b37d9ae6d549e0cc6108df991e2c14c7c99d406a89"},
    {file = "pydantic-1.7-cp36-cp36m-manylinux1_i686.whl", hash = "sha256:caa14909e26c69585628dcc5c97d5a26bcc447eca4baaf3a646a9919ff91ac69"},
    {file = "pydantic-1.7-cp36-cp36m-manylinux2014_i686.whl", hash = "sha256:22ed6db2a6d6b40350078eb3bb71e6923e4e994678feda220d28f1c30da0b8da"},
    {file = "pydantic-1.7-cp36-cp36m-manylinux2014_x86_64.whl", hash = "sha256:d024440c27d4d0fb862b279e43d2b3f5c5e5680e0627de8f7ca60e471457032e"},
    {file = "pydantic-1.7-cp36-cp36m-win_amd64.whl", hash = "sha256:afe2cafc41249464ad42cf2302128baa796f037099fc3b9eaa54d1b873529c67"},
    {file = "pydantic-1.7-cp37-cp37m-macosx_10_9_x86_64.whl", hash = "sha256:471ef129991cc2c965bef11eacb4bd5451baa0b60b4bbe1bc47e40a760facb88"},
    {file = "pydantic-1.7-cp37-cp37m-manylinux1_i686.whl", hash = "sha256:e687492a769f13c8c96f8c657720a41137be65b8682a6fce5241e0a37d500bc4"},
    {file = "pydantic-1.7-cp37-cp37m-manylinux2014_i686.whl", hash = "sha256:f0747f01aa95f1c561e6e64f8e06433d37ea4ac386519bcaddfd8f18e3ebc6fc"},
    {file = "pydantic-1.7-cp37-cp37m-manylinux2014_x86_64.whl", hash = "sha256:9143f236e1969a501bbedbeb70aa6e85b6940fc84a06effba620620d68c2bee6"},
    {file = "pydantic-1.7-cp37-cp37m-win_amd64.whl", hash = "sha256:1d9a6484f1690c94ee7851f74a75eae41980b9f07b8931e14225c050a5eaa821"},
    {file = "pydantic-1.7-cp38-cp38-macosx_10_9_x86_64.whl", hash = "sha256:1724517b6205ce02be6b8f8bf70ec9cb52b94cf40ab9dec7a7609bcf5254e2d2"},
    {file = "pydantic-1.7-cp38-cp38-manylinux1_i686.whl", hash = "sha256:bc1fca601c7c67231464f0be5594942ec7da9ba3a4ee2e3533f02802a7cc8e65"},
    {file = "pydantic-1.7-cp38-cp38-manylinux2014_i686.whl", hash = "sha256:17c199147b4f1d43f40ee7e735ccaff45f09e90ad54cebff8676bedb4f159634"},
    {file = "pydantic-1.7-cp38-cp38-manylinux2014_x86_64.whl", hash = "sha256:7d0d84401597734097a9c4681556769168de3d1acfc14fdc5c13e523414f9ecc"},
    {file = "pydantic-1.7-cp38-cp38-win_amd64.whl", hash = "sha256:b6d70d28aef95cebd8761818b4dfeb6bdbb71a68c1f4beb8983f083c630d57ee"},
    {file = "pydantic-1.7-cp39-cp39-macosx_10_9_x86_64.whl", hash = "sha256:d5a131a5be9eee7172b98c680dc26f2382e66071c4848eb310c3cce00aeee4df"},
    {file = "pydantic-1.7-cp39-cp39-manylinux1_i686.whl", hash = "sha256:8bd368a22f6a8dce262f7672c2cf06460a6ab0486fbfa8f6482d325d34277075"},
    {file = "pydantic-1.7-cp39-cp39-manylinux2014_i686.whl", hash = "sha256:8e30ee558b295ef12572d0a9a3a35a2d33115f280e051e0b816c4b2448f0cb63"},
    {file = "pydantic-1.7-cp39-cp39-manylinux2014_x86_64.whl", hash = "sha256:a3087623f8aa1795ebc3a69eb94683772db0943a4adef1bf5e9553effaafea93"},
    {file = "pydantic-1.7-cp39-cp39-win_amd64.whl", hash = "sha256:7feac9bd1078adf7ae705c8c092b3ea5ada05318b38fd5e708cfce9f167dbeb8"},
    {file = "pydantic-1.7-py3-none-any.whl", hash = "sha256:e43b66bf115860e7ef10efb8dd07a831d57c38df1efe475789c34c55067fb7fd"},
    {file = "pydantic-1.7.tar.gz", hash = "sha256:38ee226f71dfbb7b91bc3d8af9932bf18c7505e57f7ed442e8cb78ff35c006a7"},
]
